
Microsoft Visual Studio Solution File, Format Version 12.00
# Visual Studio Version 16
VisualStudioVersion = 16.0.29123.88
MinimumVisualStudioVersion = 10.0.40219.1
Project("{FAE04EC0-301F-11D3-BF4B-00C04F79EFBC}") = "H_W_L_6_ريان_امين", "WindowsFormsApp13\H_W_L_6_ريان_امين.csproj", "{B6525FE2-559A-4E67-9AC6-54D058C7AAEA}"
EndProject
Global
	GlobalSection(SolutionConfigurationPlatforms) = preSolution
		Debug|Any CPU = Debug|Any CPU
		Release|Any CPU = Release|Any CPU
	EndGlobalSection
	GlobalSection(ProjectConfigurationPlatforms) = postSolution
		{B6525FE2-559A-4E67-9AC6-54D058C7AAEA}.Debug|Any CPU.ActiveCfg = Debug|Any CPU
		{B6525FE2-559A-4E67-9AC6-54D058C7AAEA}.Debug|Any CPU.Build.0 = Debug|Any CPU
		{B6525FE2-559A-4E67-9AC6-54D058C7AAEA}.Release|Any CPU.ActiveCfg = Release|Any CPU
		{B6525FE2-559A-4E67-9AC6-54D058C7AAEA}.Release|Any CPU.Build.0 = Release|Any CPU
	EndGlobalSection
	GlobalSection(SolutionProperties) = preSolution
		HideSolutionNode = FALSE
	EndGlobalSection
	GlobalSection(ExtensibilityGlobals) = postSolution
		SolutionGuid = {00890E31-FEFF-4D3D-8AB0-A65A584C1734}
	EndGlobalSection
EndGlobal
