
Microsoft Visual Studio Solution File, Format Version 12.00
# Visual Studio Version 16
VisualStudioVersion = 16.0.29123.88
MinimumVisualStudioVersion = 10.0.40219.1
Project("{FAE04EC0-301F-11D3-BF4B-00C04F79EFBC}") = "WindowsFormsApp9", "WindowsFormsApp9\WindowsFormsApp9.csproj", "{D5A14C54-B752-4610-9603-896B1ACE6572}"
EndProject
Global
	GlobalSection(SolutionConfigurationPlatforms) = preSolution
		Debug|Any CPU = Debug|Any CPU
		Release|Any CPU = Release|Any CPU
	EndGlobalSection
	GlobalSection(ProjectConfigurationPlatforms) = postSolution
		{D5A14C54-B752-4610-9603-896B1ACE6572}.Debug|Any CPU.ActiveCfg = Debug|Any CPU
		{D5A14C54-B752-4610-9603-896B1ACE6572}.Debug|Any CPU.Build.0 = Debug|Any CPU
		{D5A14C54-B752-4610-9603-896B1ACE6572}.Release|Any CPU.ActiveCfg = Release|Any CPU
		{D5A14C54-B752-4610-9603-896B1ACE6572}.Release|Any CPU.Build.0 = Release|Any CPU
	EndGlobalSection
	GlobalSection(SolutionProperties) = preSolution
		HideSolutionNode = FALSE
	EndGlobalSection
	GlobalSection(ExtensibilityGlobals) = postSolution
		SolutionGuid = {6A208C71-7C7E-4D28-ADE1-A2F8C6622044}
	EndGlobalSection
EndGlobal
