
Microsoft Visual Studio Solution File, Format Version 12.00
# Visual Studio Version 16
VisualStudioVersion = 16.0.29123.88
MinimumVisualStudioVersion = 10.0.40219.1
Project("{FAE04EC0-301F-11D3-BF4B-00C04F79EFBC}") = "H_W_L_6-3_ريان_امين", "H_W_L_6-3_ريان_امين\H_W_L_6-3_ريان_امين.csproj", "{F28E4B28-FE62-4733-9494-AD5CC5CC738D}"
EndProject
Global
	GlobalSection(SolutionConfigurationPlatforms) = preSolution
		Debug|Any CPU = Debug|Any CPU
		Release|Any CPU = Release|Any CPU
	EndGlobalSection
	GlobalSection(ProjectConfigurationPlatforms) = postSolution
		{F28E4B28-FE62-4733-9494-AD5CC5CC738D}.Debug|Any CPU.ActiveCfg = Debug|Any CPU
		{F28E4B28-FE62-4733-9494-AD5CC5CC738D}.Debug|Any CPU.Build.0 = Debug|Any CPU
		{F28E4B28-FE62-4733-9494-AD5CC5CC738D}.Release|Any CPU.ActiveCfg = Release|Any CPU
		{F28E4B28-FE62-4733-9494-AD5CC5CC738D}.Release|Any CPU.Build.0 = Release|Any CPU
	EndGlobalSection
	GlobalSection(SolutionProperties) = preSolution
		HideSolutionNode = FALSE
	EndGlobalSection
	GlobalSection(ExtensibilityGlobals) = postSolution
		SolutionGuid = {DF02803F-94D2-4B09-B7F7-425C8A92E521}
	EndGlobalSection
EndGlobal
